lockfileVersion: 5.4

specifiers:
  express-ws: ^5.0.2

dependencies:
  express-ws: 5.0.2

packages:

  /express-ws/5.0.2:
    resolution: {integrity: sha512-0uvmuk61O9HXgLhGl3QhNSEtRsQevtmbL94/eILaliEADZBHZOQUAiHFrGPrgsjikohyrmSG5g+sCfASTt0lkQ==}
    engines: {node: '>=4.5.0'}
    peerDependencies:
      express: ^4.0.0 || ^5.0.0-alpha.1
    dependencies:
      ws: 7.5.9
    transitivePeerDependencies:
      - bufferutil
      - utf-8-validate
    dev: false

  /ws/7.5.9:
    resolution: {integrity: sha512-F+P9Jil7UiSKSkppIiD94dN07AwvFixvLIj1Og1Rl9GGMuNipJnV9JzjD6XuqmAeiswGvUmNLjr5cFuXwNS77Q==}
    engines: {node: '>=8.3.0'}
    peerDependencies:
      bufferutil: ^4.0.1
      utf-8-validate: ^5.0.2
    peerDependenciesMeta:
      bufferutil:
        optional: true
      utf-8-validate:
        optional: true
    dev: false
